// !$*UTF8*$!
{
	archiveVersion = 1;
	classes = {
	};
	objectVersion = 55;
	objects = {

/* Begin PBXBuildFile section */
		905D8EDF28A237540055238D /* DetailsViewController.swift in Sources */ = {isa = PBXBuildFile; fileRef = 905D8EDE28A237540055238D /* DetailsViewController.swift */; };
		905D8EE128A284840055238D /* BottomSheet.swift in Sources */ = {isa = PBXBuildFile; fileRef = 905D8EE028A284840055238D /* BottomSheet.swift */; };
		905D8EE328A2D5810055238D /* DetailsPageConstants.swift in Sources */ = {isa = PBXBuildFile; fileRef = 905D8EE228A2D5810055238D /* DetailsPageConstants.swift */; };
		907872C928A0EB2B00189661 /* SearchPageViewModelEvents.swift in Sources */ = {isa = PBXBuildFile; fileRef = 907872C828A0EB2B00189661 /* SearchPageViewModelEvents.swift */; };
		907872CB28A0EB8F00189661 /* SearchPageViewModel.swift in Sources */ = {isa = PBXBuildFile; fileRef = 907872CA28A0EB8F00189661 /* SearchPageViewModel.swift */; };
		907872CF28A11EB800189661 /* SearchPageConstants.swift in Sources */ = {isa = PBXBuildFile; fileRef = 907872CE28A11EB800189661 /* SearchPageConstants.swift */; };
		907872D128A1369500189661 /* HomePageConstants.swift in Sources */ = {isa = PBXBuildFile; fileRef = 907872D028A1369500189661 /* HomePageConstants.swift */; };
		907872D428A139F300189661 /* InitialScreenView.swift in Sources */ = {isa = PBXBuildFile; fileRef = 907872D328A139F300189661 /* InitialScreenView.swift */; };
		907AC7AA289BE86D0002CE3F /* TableConstants.swift in Sources */ = {isa = PBXBuildFile; fileRef = 907AC7A9289BE86D0002CE3F /* TableConstants.swift */; };
		907FE38E2897BE2200111991 /* AppDelegate.swift in Sources */ = {isa = PBXBuildFile; fileRef = 907FE38D2897BE2200111991 /* AppDelegate.swift */; };
		907FE3902897BE2200111991 /* SceneDelegate.swift in Sources */ = {isa = PBXBuildFile; fileRef = 907FE38F2897BE2200111991 /* SceneDelegate.swift */; };
		907FE3922897BE2200111991 /* HomePageViewController.swift in Sources */ = {isa = PBXBuildFile; fileRef = 907FE3912897BE2200111991 /* HomePageViewController.swift */; };
		907FE3972897BE2300111991 /* Assets.xcassets in Resources */ = {isa = PBXBuildFile; fileRef = 907FE3962897BE2300111991 /* Assets.xcassets */; };
		907FE39A2897BE2300111991 /* LaunchScreen.storyboard in Resources */ = {isa = PBXBuildFile; fileRef = 907FE3982897BE2300111991 /* LaunchScreen.storyboard */; };
		907FE3A52897BE2300111991 /* marvel_appTests.swift in Sources */ = {isa = PBXBuildFile; fileRef = 907FE3A42897BE2300111991 /* marvel_appTests.swift */; };
		907FE3AF2897BE2300111991 /* marvel_appUITests.swift in Sources */ = {isa = PBXBuildFile; fileRef = 907FE3AE2897BE2300111991 /* marvel_appUITests.swift */; };
		907FE3B12897BE2300111991 /* marvel_appUITestsLaunchTests.swift in Sources */ = {isa = PBXBuildFile; fileRef = 907FE3B02897BE2300111991 /* marvel_appUITestsLaunchTests.swift */; };
		907FE3C32897C31400111991 /* Url.swift in Sources */ = {isa = PBXBuildFile; fileRef = 907FE3C22897C31400111991 /* Url.swift */; };
		907FE3C52897C41500111991 /* CreatorSummary.swift in Sources */ = {isa = PBXBuildFile; fileRef = 907FE3C42897C41500111991 /* CreatorSummary.swift */; };
		907FE3C72897C45B00111991 /* CreatorList.swift in Sources */ = {isa = PBXBuildFile; fileRef = 907FE3C62897C45B00111991 /* CreatorList.swift */; };
		907FE3C92897C4FF00111991 /* Image.swift in Sources */ = {isa = PBXBuildFile; fileRef = 907FE3C82897C4FF00111991 /* Image.swift */; };
		907FE3CB2897C55D00111991 /* Comic.swift in Sources */ = {isa = PBXBuildFile; fileRef = 907FE3CA2897C55D00111991 /* Comic.swift */; };
		907FE3CD2897C5CF00111991 /* ComicDataContainer.swift in Sources */ = {isa = PBXBuildFile; fileRef = 907FE3CC2897C5CF00111991 /* ComicDataContainer.swift */; };
		907FE3CF2897C63700111991 /* ComicDataWrapper.swift in Sources */ = {isa = PBXBuildFile; fileRef = 907FE3CE2897C63700111991 /* ComicDataWrapper.swift */; };
		907FE3D22897CBB700111991 /* ApiConstants.swift in Sources */ = {isa = PBXBuildFile; fileRef = 907FE3D12897CBB700111991 /* ApiConstants.swift */; };
		907FE3D42897D26000111991 /* ApiClient.swift in Sources */ = {isa = PBXBuildFile; fileRef = 907FE3D32897D26000111991 /* ApiClient.swift */; };
		907FE3D72897E9AF00111991 /* ComicsRepository.swift in Sources */ = {isa = PBXBuildFile; fileRef = 907FE3D62897E9AF00111991 /* ComicsRepository.swift */; };
		907FE3DD2897F4BA00111991 /* HomePageViewModel.swift in Sources */ = {isa = PBXBuildFile; fileRef = 907FE3DC2897F4BA00111991 /* HomePageViewModel.swift */; };
		907FE3DF28980A0F00111991 /* HomePageView.swift in Sources */ = {isa = PBXBuildFile; fileRef = 907FE3DE28980A0F00111991 /* HomePageView.swift */; };
		907FE3E428980AAE00111991 /* UIStackViewExtension.swift in Sources */ = {isa = PBXBuildFile; fileRef = 907FE3E228980AAE00111991 /* UIStackViewExtension.swift */; };
		907FE3E528980AAE00111991 /* UIViewExtension.swift in Sources */ = {isa = PBXBuildFile; fileRef = 907FE3E328980AAE00111991 /* UIViewExtension.swift */; };
		908357A9289BFD970061056E /* AlamofireClient.swift in Sources */ = {isa = PBXBuildFile; fileRef = 908357A8289BFD970061056E /* AlamofireClient.swift */; };
		90C9424A28A13F0000C35850 /* NothingFoundView.swift in Sources */ = {isa = PBXBuildFile; fileRef = 90C9424928A13F0000C35850 /* NothingFoundView.swift */; };
		90D7BE502898FD07000D063A /* HomePageViewModelEvents.swift in Sources */ = {isa = PBXBuildFile; fileRef = 90D7BE4F2898FD07000D063A /* HomePageViewModelEvents.swift */; };
		90D7BE5228993AEB000D063A /* ListCard.swift in Sources */ = {isa = PBXBuildFile; fileRef = 90D7BE5128993AEB000D063A /* ListCard.swift */; };
		90EE3C66289CEBBB00897870 /* AlamofireProtocol.swift in Sources */ = {isa = PBXBuildFile; fileRef = 90EE3C65289CEBBB00897870 /* AlamofireProtocol.swift */; };
		90EE3C6B289CF03B00897870 /* AlamofireViewModel.swift in Sources */ = {isa = PBXBuildFile; fileRef = 90EE3C6A289CF03B00897870 /* AlamofireViewModel.swift */; };
		90EE3C6F289D1A7200897870 /* AlamofireViewController.swift in Sources */ = {isa = PBXBuildFile; fileRef = 90EE3C6E289D1A7200897870 /* AlamofireViewController.swift */; };
		90EE3C72289D478300897870 /* SearchPageViewController.swift in Sources */ = {isa = PBXBuildFile; fileRef = 90EE3C71289D478300897870 /* SearchPageViewController.swift */; };
		E5B628238514B359D3827480 /* Pods_marvel_app.framework in Frameworks */ = {isa = PBXBuildFile; fileRef = FC75861A2A178030349B3459 /* Pods_marvel_app.framework */; };
/* End PBXBuildFile section */

/* Begin PBXContainerItemProxy section */
		907FE3A12897BE2300111991 /* PBXContainerItemProxy */ = {
			isa = PBXContainerItemProxy;
			containerPortal = 907FE3822897BE2100111991 /* Project object */;
			proxyType = 1;
			remoteGlobalIDString = 907FE3892897BE2100111991;
			remoteInfo = "marvel-app";
		};
		907FE3AB2897BE2300111991 /* PBXContainerItemProxy */ = {
			isa = PBXContainerItemProxy;
			containerPortal = 907FE3822897BE2100111991 /* Project object */;
			proxyType = 1;
			remoteGlobalIDString = 907FE3892897BE2100111991;
			remoteInfo = "marvel-app";
		};
/* End PBXContainerItemProxy section */

/* Begin PBXFileReference section */
		4F3BFB6551B802F8021298C9 /* Pods-marvel-app.release.xcconfig */ = {isa = PBXFileReference; includeInIndex = 1; lastKnownFileType = text.xcconfig; name = "Pods-marvel-app.release.xcconfig"; path = "Target Support Files/Pods-marvel-app/Pods-marvel-app.release.xcconfig"; sourceTree = "<group>"; };
		905D8EDE28A237540055238D /* DetailsViewController.swift */ = {isa = PBXFileReference; lastKnownFileType = sourcecode.swift; path = DetailsViewController.swift; sourceTree = "<group>"; };
		905D8EE028A284840055238D /* BottomSheet.swift */ = {isa = PBXFileReference; lastKnownFileType = sourcecode.swift; path = BottomSheet.swift; sourceTree = "<group>"; };
		905D8EE228A2D5810055238D /* DetailsPageConstants.swift */ = {isa = PBXFileReference; lastKnownFileType = sourcecode.swift; path = DetailsPageConstants.swift; sourceTree = "<group>"; };
		907872C828A0EB2B00189661 /* SearchPageViewModelEvents.swift */ = {isa = PBXFileReference; lastKnownFileType = sourcecode.swift; path = SearchPageViewModelEvents.swift; sourceTree = "<group>"; };
		907872CA28A0EB8F00189661 /* SearchPageViewModel.swift */ = {isa = PBXFileReference; lastKnownFileType = sourcecode.swift; path = SearchPageViewModel.swift; sourceTree = "<group>"; };
		907872CE28A11EB800189661 /* SearchPageConstants.swift */ = {isa = PBXFileReference; lastKnownFileType = sourcecode.swift; path = SearchPageConstants.swift; sourceTree = "<group>"; };
		907872D028A1369500189661 /* HomePageConstants.swift */ = {isa = PBXFileReference; lastKnownFileType = sourcecode.swift; path = HomePageConstants.swift; sourceTree = "<group>"; };
		907872D328A139F300189661 /* InitialScreenView.swift */ = {isa = PBXFileReference; lastKnownFileType = sourcecode.swift; path = InitialScreenView.swift; sourceTree = "<group>"; };
		907AC7A9289BE86D0002CE3F /* TableConstants.swift */ = {isa = PBXFileReference; lastKnownFileType = sourcecode.swift; path = TableConstants.swift; sourceTree = "<group>"; };
		907FE38A2897BE2200111991 /* marvel-app.app */ = {isa = PBXFileReference; explicitFileType = wrapper.application; includeInIndex = 0; path = "marvel-app.app"; sourceTree = BUILT_PRODUCTS_DIR; };
		907FE38D2897BE2200111991 /* AppDelegate.swift */ = {isa = PBXFileReference; lastKnownFileType = sourcecode.swift; path = AppDelegate.swift; sourceTree = "<group>"; };
		907FE38F2897BE2200111991 /* SceneDelegate.swift */ = {isa = PBXFileReference; lastKnownFileType = sourcecode.swift; path = SceneDelegate.swift; sourceTree = "<group>"; };
		907FE3912897BE2200111991 /* HomePageViewController.swift */ = {isa = PBXFileReference; lastKnownFileType = sourcecode.swift; path = HomePageViewController.swift; sourceTree = "<group>"; };
		907FE3962897BE2300111991 /* Assets.xcassets */ = {isa = PBXFileReference; lastKnownFileType = folder.assetcatalog; path = Assets.xcassets; sourceTree = "<group>"; };
		907FE3992897BE2300111991 /* Base */ = {isa = PBXFileReference; lastKnownFileType = file.storyboard; name = Base; path = Base.lproj/LaunchScreen.storyboard; sourceTree = "<group>"; };
		907FE39B2897BE2300111991 /* Info.plist */ = {isa = PBXFileReference; lastKnownFileType = text.plist.xml; path = Info.plist; sourceTree = "<group>"; };
		907FE3A02897BE2300111991 /* marvel-appTests.xctest */ = {isa = PBXFileReference; explicitFileType = wrapper.cfbundle; includeInIndex = 0; path = "marvel-appTests.xctest"; sourceTree = BUILT_PRODUCTS_DIR; };
		907FE3A42897BE2300111991 /* marvel_appTests.swift */ = {isa = PBXFileReference; lastKnownFileType = sourcecode.swift; path = marvel_appTests.swift; sourceTree = "<group>"; };
		907FE3AA2897BE2300111991 /* marvel-appUITests.xctest */ = {isa = PBXFileReference; explicitFileType = wrapper.cfbundle; includeInIndex = 0; path = "marvel-appUITests.xctest"; sourceTree = BUILT_PRODUCTS_DIR; };
		907FE3AE2897BE2300111991 /* marvel_appUITests.swift */ = {isa = PBXFileReference; lastKnownFileType = sourcecode.swift; path = marvel_appUITests.swift; sourceTree = "<group>"; };
		907FE3B02897BE2300111991 /* marvel_appUITestsLaunchTests.swift */ = {isa = PBXFileReference; lastKnownFileType = sourcecode.swift; path = marvel_appUITestsLaunchTests.swift; sourceTree = "<group>"; };
		907FE3C22897C31400111991 /* Url.swift */ = {isa = PBXFileReference; lastKnownFileType = sourcecode.swift; path = Url.swift; sourceTree = "<group>"; };
		907FE3C42897C41500111991 /* CreatorSummary.swift */ = {isa = PBXFileReference; lastKnownFileType = sourcecode.swift; path = CreatorSummary.swift; sourceTree = "<group>"; };
		907FE3C62897C45B00111991 /* CreatorList.swift */ = {isa = PBXFileReference; lastKnownFileType = sourcecode.swift; path = CreatorList.swift; sourceTree = "<group>"; };
		907FE3C82897C4FF00111991 /* Image.swift */ = {isa = PBXFileReference; lastKnownFileType = sourcecode.swift; path = Image.swift; sourceTree = "<group>"; };
		907FE3CA2897C55D00111991 /* Comic.swift */ = {isa = PBXFileReference; lastKnownFileType = sourcecode.swift; path = Comic.swift; sourceTree = "<group>"; };
		907FE3CC2897C5CF00111991 /* ComicDataContainer.swift */ = {isa = PBXFileReference; lastKnownFileType = sourcecode.swift; path = ComicDataContainer.swift; sourceTree = "<group>"; };
		907FE3CE2897C63700111991 /* ComicDataWrapper.swift */ = {isa = PBXFileReference; lastKnownFileType = sourcecode.swift; path = ComicDataWrapper.swift; sourceTree = "<group>"; };
		907FE3D12897CBB700111991 /* ApiConstants.swift */ = {isa = PBXFileReference; lastKnownFileType = sourcecode.swift; path = ApiConstants.swift; sourceTree = "<group>"; };
		907FE3D32897D26000111991 /* ApiClient.swift */ = {isa = PBXFileReference; lastKnownFileType = sourcecode.swift; path = ApiClient.swift; sourceTree = "<group>"; };
		907FE3D62897E9AF00111991 /* ComicsRepository.swift */ = {isa = PBXFileReference; lastKnownFileType = sourcecode.swift; path = ComicsRepository.swift; sourceTree = "<group>"; };
		907FE3DC2897F4BA00111991 /* HomePageViewModel.swift */ = {isa = PBXFileReference; lastKnownFileType = sourcecode.swift; path = HomePageViewModel.swift; sourceTree = "<group>"; };
		907FE3DE28980A0F00111991 /* HomePageView.swift */ = {isa = PBXFileReference; lastKnownFileType = sourcecode.swift; path = HomePageView.swift; sourceTree = "<group>"; };
		907FE3E228980AAE00111991 /* UIStackViewExtension.swift */ = {isa = PBXFileReference; fileEncoding = 4; lastKnownFileType = sourcecode.swift; name = UIStackViewExtension.swift; path = "../../../../Desktop/Swift Utils/UIStackViewExtension.swift"; sourceTree = "<group>"; };
		907FE3E328980AAE00111991 /* UIViewExtension.swift */ = {isa = PBXFileReference; fileEncoding = 4; lastKnownFileType = sourcecode.swift; name = UIViewExtension.swift; path = "../../../../Desktop/Swift Utils/UIViewExtension.swift"; sourceTree = "<group>"; };
		908357A8289BFD970061056E /* AlamofireClient.swift */ = {isa = PBXFileReference; lastKnownFileType = sourcecode.swift; path = AlamofireClient.swift; sourceTree = "<group>"; };
		90C9424928A13F0000C35850 /* NothingFoundView.swift */ = {isa = PBXFileReference; lastKnownFileType = sourcecode.swift; path = NothingFoundView.swift; sourceTree = "<group>"; };
		90D7BE4F2898FD07000D063A /* HomePageViewModelEvents.swift */ = {isa = PBXFileReference; lastKnownFileType = sourcecode.swift; path = HomePageViewModelEvents.swift; sourceTree = "<group>"; };
		90D7BE5128993AEB000D063A /* ListCard.swift */ = {isa = PBXFileReference; lastKnownFileType = sourcecode.swift; path = ListCard.swift; sourceTree = "<group>"; };
		90EE3C65289CEBBB00897870 /* AlamofireProtocol.swift */ = {isa = PBXFileReference; lastKnownFileType = sourcecode.swift; path = AlamofireProtocol.swift; sourceTree = "<group>"; };
		90EE3C6A289CF03B00897870 /* AlamofireViewModel.swift */ = {isa = PBXFileReference; lastKnownFileType = sourcecode.swift; path = AlamofireViewModel.swift; sourceTree = "<group>"; };
		90EE3C6E289D1A7200897870 /* AlamofireViewController.swift */ = {isa = PBXFileReference; lastKnownFileType = sourcecode.swift; path = AlamofireViewController.swift; sourceTree = "<group>"; };
		90EE3C71289D478300897870 /* SearchPageViewController.swift */ = {isa = PBXFileReference; lastKnownFileType = sourcecode.swift; path = SearchPageViewController.swift; sourceTree = "<group>"; };
		C3BB8333DD4762F0B2E7AFE9 /* Pods-marvel-app.debug.xcconfig */ = {isa = PBXFileReference; includeInIndex = 1; lastKnownFileType = text.xcconfig; name = "Pods-marvel-app.debug.xcconfig"; path = "Target Support Files/Pods-marvel-app/Pods-marvel-app.debug.xcconfig"; sourceTree = "<group>"; };
		FC75861A2A178030349B3459 /* Pods_marvel_app.framework */ = {isa = PBXFileReference; explicitFileType = wrapper.framework; includeInIndex = 0; path = Pods_marvel_app.framework; sourceTree = BUILT_PRODUCTS_DIR; };
/* End PBXFileReference section */

/* Begin PBXFrameworksBuildPhase section */
		907FE3872897BE2100111991 /* Frameworks */ = {
			isa = PBXFrameworksBuildPhase;
			buildActionMask = 2147483647;
			files = (
				E5B628238514B359D3827480 /* Pods_marvel_app.framework in Frameworks */,
			);
			runOnlyForDeploymentPostprocessing = 0;
		};
		907FE39D2897BE2300111991 /* Frameworks */ = {
			isa = PBXFrameworksBuildPhase;
			buildActionMask = 2147483647;
			files = (
			);
			runOnlyForDeploymentPostprocessing = 0;
		};
		907FE3A72897BE2300111991 /* Frameworks */ = {
			isa = PBXFrameworksBuildPhase;
			buildActionMask = 2147483647;
			files = (
			);
			runOnlyForDeploymentPostprocessing = 0;
		};
/* End PBXFrameworksBuildPhase section */

/* Begin PBXGroup section */
		905D8EDD28A237410055238D /* details-page */ = {
			isa = PBXGroup;
			children = (
				905D8EDE28A237540055238D /* DetailsViewController.swift */,
				905D8EE028A284840055238D /* BottomSheet.swift */,
			);
			path = "details-page";
			sourceTree = "<group>";
		};
		907AC7A8289BE8460002CE3F /* constants */ = {
			isa = PBXGroup;
			children = (
				907AC7A9289BE86D0002CE3F /* TableConstants.swift */,
				907872CE28A11EB800189661 /* SearchPageConstants.swift */,
				907872D028A1369500189661 /* HomePageConstants.swift */,
				905D8EE228A2D5810055238D /* DetailsPageConstants.swift */,
			);
			path = constants;
			sourceTree = "<group>";
		};
		907FE3812897BE2100111991 = {
			isa = PBXGroup;
			children = (
				907FE38C2897BE2200111991 /* marvel-app */,
				907FE3A32897BE2300111991 /* marvel-appTests */,
				907FE3AD2897BE2300111991 /* marvel-appUITests */,
				907FE38B2897BE2200111991 /* Products */,
				FFBC6CD8295BBF8387BD12F1 /* Pods */,
				99427565CD032BA618819960 /* Frameworks */,
			);
			sourceTree = "<group>";
		};
		907FE38B2897BE2200111991 /* Products */ = {
			isa = PBXGroup;
			children = (
				907FE38A2897BE2200111991 /* marvel-app.app */,
				907FE3A02897BE2300111991 /* marvel-appTests.xctest */,
				907FE3AA2897BE2300111991 /* marvel-appUITests.xctest */,
			);
			name = Products;
			sourceTree = "<group>";
		};
		907FE38C2897BE2200111991 /* marvel-app */ = {
			isa = PBXGroup;
			children = (
				907AC7A8289BE8460002CE3F /* constants */,
				907FE3D82897F3B700111991 /* features */,
				907FE3D02897CBA400111991 /* utils */,
				907FE3BD2897BF1A00111991 /* core */,
				907FE38D2897BE2200111991 /* AppDelegate.swift */,
				907FE38F2897BE2200111991 /* SceneDelegate.swift */,
				907FE3962897BE2300111991 /* Assets.xcassets */,
				907FE3982897BE2300111991 /* LaunchScreen.storyboard */,
				907FE39B2897BE2300111991 /* Info.plist */,
			);
			path = "marvel-app";
			sourceTree = "<group>";
		};
		907FE3A32897BE2300111991 /* marvel-appTests */ = {
			isa = PBXGroup;
			children = (
				907FE3A42897BE2300111991 /* marvel_appTests.swift */,
			);
			path = "marvel-appTests";
			sourceTree = "<group>";
		};
		907FE3AD2897BE2300111991 /* marvel-appUITests */ = {
			isa = PBXGroup;
			children = (
				907FE3AE2897BE2300111991 /* marvel_appUITests.swift */,
				907FE3B02897BE2300111991 /* marvel_appUITestsLaunchTests.swift */,
			);
			path = "marvel-appUITests";
			sourceTree = "<group>";
		};
		907FE3BD2897BF1A00111991 /* core */ = {
			isa = PBXGroup;
			children = (
				907FE3D52897E99E00111991 /* repository */,
				907FE3BF2897BF2E00111991 /* network */,
				907FE3BE2897BF2400111991 /* models */,
			);
			path = core;
			sourceTree = "<group>";
		};
		907FE3BE2897BF2400111991 /* models */ = {
			isa = PBXGroup;
			children = (
				907FE3C22897C31400111991 /* Url.swift */,
				907FE3C42897C41500111991 /* CreatorSummary.swift */,
				907FE3C62897C45B00111991 /* CreatorList.swift */,
				907FE3C82897C4FF00111991 /* Image.swift */,
				907FE3CA2897C55D00111991 /* Comic.swift */,
				907FE3CC2897C5CF00111991 /* ComicDataContainer.swift */,
				907FE3CE2897C63700111991 /* ComicDataWrapper.swift */,
			);
			path = models;
			sourceTree = "<group>";
		};
		907FE3BF2897BF2E00111991 /* network */ = {
			isa = PBXGroup;
			children = (
				907FE3D32897D26000111991 /* ApiClient.swift */,
			);
			path = network;
			sourceTree = "<group>";
		};
		907FE3D02897CBA400111991 /* utils */ = {
			isa = PBXGroup;
			children = (
				907FE3E228980AAE00111991 /* UIStackViewExtension.swift */,
				907FE3E328980AAE00111991 /* UIViewExtension.swift */,
				907FE3D12897CBB700111991 /* ApiConstants.swift */,
			);
			path = utils;
			sourceTree = "<group>";
		};
		907FE3D52897E99E00111991 /* repository */ = {
			isa = PBXGroup;
			children = (
				907FE3D62897E9AF00111991 /* ComicsRepository.swift */,
			);
			path = repository;
			sourceTree = "<group>";
		};
		907FE3D82897F3B700111991 /* features */ = {
			isa = PBXGroup;
			children = (
				905D8EDD28A237410055238D /* details-page */,
				90EE3C70289D476900897870 /* search-page */,
				90EE3C69289CF01200897870 /* alamofire */,
				907FE3D92897F3C900111991 /* home-page */,
			);
			path = features;
			sourceTree = "<group>";
		};
		907FE3D92897F3C900111991 /* home-page */ = {
			isa = PBXGroup;
			children = (
				907FE3912897BE2200111991 /* HomePageViewController.swift */,
				907FE3DC2897F4BA00111991 /* HomePageViewModel.swift */,
				907FE3DE28980A0F00111991 /* HomePageView.swift */,
				90D7BE4F2898FD07000D063A /* HomePageViewModelEvents.swift */,
				90D7BE5128993AEB000D063A /* ListCard.swift */,
			);
			path = "home-page";
			sourceTree = "<group>";
		};
		90EE3C69289CF01200897870 /* alamofire */ = {
			isa = PBXGroup;
			children = (
				90EE3C65289CEBBB00897870 /* AlamofireProtocol.swift */,
				908357A8289BFD970061056E /* AlamofireClient.swift */,
				90EE3C6A289CF03B00897870 /* AlamofireViewModel.swift */,
				90EE3C6E289D1A7200897870 /* AlamofireViewController.swift */,
			);
			path = alamofire;
			sourceTree = "<group>";
		};
		90EE3C70289D476900897870 /* search-page */ = {
			isa = PBXGroup;
			children = (
				90EE3C71289D478300897870 /* SearchPageViewController.swift */,
				907872C828A0EB2B00189661 /* SearchPageViewModelEvents.swift */,
				907872CA28A0EB8F00189661 /* SearchPageViewModel.swift */,
				907872D328A139F300189661 /* InitialScreenView.swift */,
				90C9424928A13F0000C35850 /* NothingFoundView.swift */,
			);
			path = "search-page";
			sourceTree = "<group>";
		};
		99427565CD032BA618819960 /* Frameworks */ = {
			isa = PBXGroup;
			children = (
				FC75861A2A178030349B3459 /* Pods_marvel_app.framework */,
			);
			name = Frameworks;
			sourceTree = "<group>";
		};
		FFBC6CD8295BBF8387BD12F1 /* Pods */ = {
			isa = PBXGroup;
			children = (
				C3BB8333DD4762F0B2E7AFE9 /* Pods-marvel-app.debug.xcconfig */,
				4F3BFB6551B802F8021298C9 /* Pods-marvel-app.release.xcconfig */,
			);
			path = Pods;
			sourceTree = "<group>";
		};
/* End PBXGroup section */

/* Begin PBXNativeTarget section */
		907FE3892897BE2100111991 /* marvel-app */ = {
			isa = PBXNativeTarget;
			buildConfigurationList = 907FE3B42897BE2300111991 /* Build configuration list for PBXNativeTarget "marvel-app" */;
			buildPhases = (
				68CFE93D0519CD3002668F43 /* [CP] Check Pods Manifest.lock */,
				907FE3862897BE2100111991 /* Sources */,
				907FE3872897BE2100111991 /* Frameworks */,
				907FE3882897BE2100111991 /* Resources */,
				710CD89EB946708E883C4B80 /* [CP] Embed Pods Frameworks */,
			);
			buildRules = (
			);
			dependencies = (
			);
			name = "marvel-app";
			productName = "marvel-app";
			productReference = 907FE38A2897BE2200111991 /* marvel-app.app */;
			productType = "com.apple.product-type.application";
		};
		907FE39F2897BE2300111991 /* marvel-appTests */ = {
			isa = PBXNativeTarget;
			buildConfigurationList = 907FE3B72897BE2300111991 /* Build configuration list for PBXNativeTarget "marvel-appTests" */;
			buildPhases = (
				907FE39C2897BE2300111991 /* Sources */,
				907FE39D2897BE2300111991 /* Frameworks */,
				907FE39E2897BE2300111991 /* Resources */,
			);
			buildRules = (
			);
			dependencies = (
				907FE3A22897BE2300111991 /* PBXTargetDependency */,
			);
			name = "marvel-appTests";
			productName = "marvel-appTests";
			productReference = 907FE3A02897BE2300111991 /* marvel-appTests.xctest */;
			productType = "com.apple.product-type.bundle.unit-test";
		};
		907FE3A92897BE2300111991 /* marvel-appUITests */ = {
			isa = PBXNativeTarget;
			buildConfigurationList = 907FE3BA2897BE2300111991 /* Build configuration list for PBXNativeTarget "marvel-appUITests" */;
			buildPhases = (
				907FE3A62897BE2300111991 /* Sources */,
				907FE3A72897BE2300111991 /* Frameworks */,
				907FE3A82897BE2300111991 /* Resources */,
			);
			buildRules = (
			);
			dependencies = (
				907FE3AC2897BE2300111991 /* PBXTargetDependency */,
			);
			name = "marvel-appUITests";
			productName = "marvel-appUITests";
			productReference = 907FE3AA2897BE2300111991 /* marvel-appUITests.xctest */;
			productType = "com.apple.product-type.bundle.ui-testing";
		};
/* End PBXNativeTarget section */

/* Begin PBXProject section */
		907FE3822897BE2100111991 /* Project object */ = {
			isa = PBXProject;
			attributes = {
				BuildIndependentTargetsInParallel = 1;
				LastSwiftUpdateCheck = 1340;
				LastUpgradeCheck = 1340;
				TargetAttributes = {
					907FE3892897BE2100111991 = {
						CreatedOnToolsVersion = 13.4.1;
					};
					907FE39F2897BE2300111991 = {
						CreatedOnToolsVersion = 13.4.1;
						TestTargetID = 907FE3892897BE2100111991;
					};
					907FE3A92897BE2300111991 = {
						CreatedOnToolsVersion = 13.4.1;
						TestTargetID = 907FE3892897BE2100111991;
					};
				};
			};
			buildConfigurationList = 907FE3852897BE2100111991 /* Build configuration list for PBXProject "marvel-app" */;
			compatibilityVersion = "Xcode 13.0";
			developmentRegion = en;
			hasScannedForEncodings = 0;
			knownRegions = (
				en,
				Base,
			);
			mainGroup = 907FE3812897BE2100111991;
			productRefGroup = 907FE38B2897BE2200111991 /* Products */;
			projectDirPath = "";
			projectRoot = "";
			targets = (
				907FE3892897BE2100111991 /* marvel-app */,
				907FE39F2897BE2300111991 /* marvel-appTests */,
				907FE3A92897BE2300111991 /* marvel-appUITests */,
			);
		};
/* End PBXProject section */

/* Begin PBXResourcesBuildPhase section */
		907FE3882897BE2100111991 /* Resources */ = {
			isa = PBXResourcesBuildPhase;
			buildActionMask = 2147483647;
			files = (
				907FE39A2897BE2300111991 /* LaunchScreen.storyboard in Resources */,
				907FE3972897BE2300111991 /* Assets.xcassets in Resources */,
			);
			runOnlyForDeploymentPostprocessing = 0;
		};
		907FE39E2897BE2300111991 /* Resources */ = {
			isa = PBXResourcesBuildPhase;
			buildActionMask = 2147483647;
			files = (
			);
			runOnlyForDeploymentPostprocessing = 0;
		};
		907FE3A82897BE2300111991 /* Resources */ = {
			isa = PBXResourcesBuildPhase;
			buildActionMask = 2147483647;
			files = (
			);
			runOnlyForDeploymentPostprocessing = 0;
		};
/* End PBXResourcesBuildPhase section */

/* Begin PBXShellScriptBuildPhase section */
		68CFE93D0519CD3002668F43 /* [CP] Check Pods Manifest.lock */ = {
			isa = PBXShellScriptBuildPhase;
			buildActionMask = 2147483647;
			files = (
			);
			inputFileListPaths = (
			);
			inputPaths = (
				"${PODS_PODFILE_DIR_PATH}/Podfile.lock",
				"${PODS_ROOT}/Manifest.lock",
			);
			name = "[CP] Check Pods Manifest.lock";
			outputFileListPaths = (
			);
			outputPaths = (
				"$(DERIVED_FILE_DIR)/Pods-marvel-app-checkManifestLockResult.txt",
			);
			runOnlyForDeploymentPostprocessing = 0;
			shellPath = /bin/sh;
			shellScript = "diff \"${PODS_PODFILE_DIR_PATH}/Podfile.lock\" \"${PODS_ROOT}/Manifest.lock\" > /dev/null\nif [ $? != 0 ] ; then\n    # print error to STDERR\n    echo \"error: The sandbox is not in sync with the Podfile.lock. Run 'pod install' or update your CocoaPods installation.\" >&2\n    exit 1\nfi\n# This output is used by Xcode 'outputs' to avoid re-running this script phase.\necho \"SUCCESS\" > \"${SCRIPT_OUTPUT_FILE_0}\"\n";
			showEnvVarsInLog = 0;
		};
		710CD89EB946708E883C4B80 /* [CP] Embed Pods Frameworks */ = {
			isa = PBXShellScriptBuildPhase;
			buildActionMask = 2147483647;
			files = (
			);
			inputFileListPaths = (
				"${PODS_ROOT}/Target Support Files/Pods-marvel-app/Pods-marvel-app-frameworks-${CONFIGURATION}-input-files.xcfilelist",
			);
			name = "[CP] Embed Pods Frameworks";
			outputFileListPaths = (
				"${PODS_ROOT}/Target Support Files/Pods-marvel-app/Pods-marvel-app-frameworks-${CONFIGURATION}-output-files.xcfilelist",
			);
			runOnlyForDeploymentPostprocessing = 0;
			shellPath = /bin/sh;
			shellScript = "\"${PODS_ROOT}/Target Support Files/Pods-marvel-app/Pods-marvel-app-frameworks.sh\"\n";
			showEnvVarsInLog = 0;
		};
/* End PBXShellScriptBuildPhase section */

/* Begin PBXSourcesBuildPhase section */
		907FE3862897BE2100111991 /* Sources */ = {
			isa = PBXSourcesBuildPhase;
			buildActionMask = 2147483647;
			files = (
				907FE3D22897CBB700111991 /* ApiConstants.swift in Sources */,
				907872CB28A0EB8F00189661 /* SearchPageViewModel.swift in Sources */,
				908357A9289BFD970061056E /* AlamofireClient.swift in Sources */,
				907FE3E428980AAE00111991 /* UIStackViewExtension.swift in Sources */,
				907FE3D72897E9AF00111991 /* ComicsRepository.swift in Sources */,
				907FE3C92897C4FF00111991 /* Image.swift in Sources */,
				907FE3CB2897C55D00111991 /* Comic.swift in Sources */,
				907FE3C52897C41500111991 /* CreatorSummary.swift in Sources */,
				90EE3C6F289D1A7200897870 /* AlamofireViewController.swift in Sources */,
				907FE3922897BE2200111991 /* HomePageViewController.swift in Sources */,
				907FE38E2897BE2200111991 /* AppDelegate.swift in Sources */,
				907FE3E528980AAE00111991 /* UIViewExtension.swift in Sources */,
				90EE3C72289D478300897870 /* SearchPageViewController.swift in Sources */,
				905D8EE128A284840055238D /* BottomSheet.swift in Sources */,
				907FE3902897BE2200111991 /* SceneDelegate.swift in Sources */,
				907FE3CD2897C5CF00111991 /* ComicDataContainer.swift in Sources */,
				90D7BE502898FD07000D063A /* HomePageViewModelEvents.swift in Sources */,
				907FE3C72897C45B00111991 /* CreatorList.swift in Sources */,
				907AC7AA289BE86D0002CE3F /* TableConstants.swift in Sources */,
				907872D128A1369500189661 /* HomePageConstants.swift in Sources */,
				90C9424A28A13F0000C35850 /* NothingFoundView.swift in Sources */,
				907FE3C32897C31400111991 /* Url.swift in Sources */,
				90D7BE5228993AEB000D063A /* ListCard.swift in Sources */,
				907872CF28A11EB800189661 /* SearchPageConstants.swift in Sources */,
				907FE3CF2897C63700111991 /* ComicDataWrapper.swift in Sources */,
				907872D428A139F300189661 /* InitialScreenView.swift in Sources */,
				907872C928A0EB2B00189661 /* SearchPageViewModelEvents.swift in Sources */,
				90EE3C66289CEBBB00897870 /* AlamofireProtocol.swift in Sources */,
				905D8EDF28A237540055238D /* DetailsViewController.swift in Sources */,
				907FE3D42897D26000111991 /* ApiClient.swift in Sources */,
				907FE3DF28980A0F00111991 /* HomePageView.swift in Sources */,
				907FE3DD2897F4BA00111991 /* HomePageViewModel.swift in Sources */,
				90EE3C6B289CF03B00897870 /* AlamofireViewModel.swift in Sources */,
				905D8EE328A2D5810055238D /* DetailsPageConstants.swift in Sources */,
			);
			runOnlyForDeploymentPostprocessing = 0;
		};
		907FE39C2897BE2300111991 /* Sources */ = {
			isa = PBXSourcesBuildPhase;
			buildActionMask = 2147483647;
			files = (
				907FE3A52897BE2300111991 /* marvel_appTests.swift in Sources */,
			);
			runOnlyForDeploymentPostprocessing = 0;
		};
		907FE3A62897BE2300111991 /* Sources */ = {
			isa = PBXSourcesBuildPhase;
			buildActionMask = 2147483647;
			files = (
				907FE3AF2897BE2300111991 /* marvel_appUITests.swift in Sources */,
				907FE3B12897BE2300111991 /* marvel_appUITestsLaunchTests.swift in Sources */,
			);
			runOnlyForDeploymentPostprocessing = 0;
		};
/* End PBXSourcesBuildPhase section */

/* Begin PBXTargetDependency section */
		907FE3A22897BE2300111991 /* PBXTargetDependency */ = {
			isa = PBXTargetDependency;
			target = 907FE3892897BE2100111991 /* marvel-app */;
			targetProxy = 907FE3A12897BE2300111991 /* PBXContainerItemProxy */;
		};
		907FE3AC2897BE2300111991 /* PBXTargetDependency */ = {
			isa = PBXTargetDependency;
			target = 907FE3892897BE2100111991 /* marvel-app */;
			targetProxy = 907FE3AB2897BE2300111991 /* PBXContainerItemProxy */;
		};
/* End PBXTargetDependency section */

/* Begin PBXVariantGroup section */
		907FE3982897BE2300111991 /* LaunchScreen.storyboard */ = {
			isa = PBXVariantGroup;
			children = (
				907FE3992897BE2300111991 /* Base */,
			);
			name = LaunchScreen.storyboard;
			sourceTree = "<group>";
		};
/* End PBXVariantGroup section */

/* Begin XCBuildConfiguration section */
		907FE3B22897BE2300111991 /* Debug */ = {
			isa = XCBuildConfiguration;
			buildSettings = {
				ALWAYS_SEARCH_USER_PATHS = NO;
				CLANG_ANALYZER_NONNULL = YES;
				CLANG_ANALYZER_NUMBER_OBJECT_CONVERSION = YES_AGGRESSIVE;
				CLANG_CXX_LANGUAGE_STANDARD = "gnu++17";
				CLANG_ENABLE_MODULES = YES;
				CLANG_ENABLE_OBJC_ARC = YES;
				CLANG_ENABLE_OBJC_WEAK = YES;
				CLANG_WARN_BLOCK_CAPTURE_AUTORELEASING = YES;
				CLANG_WARN_BOOL_CONVERSION = YES;
				CLANG_WARN_COMMA = YES;
				CLANG_WARN_CONSTANT_CONVERSION = YES;
				CLANG_WARN_DEPRECATED_OBJC_IMPLEMENTATIONS = YES;
				CLANG_WARN_DIRECT_OBJC_ISA_USAGE = YES_ERROR;
				CLANG_WARN_DOCUMENTATION_COMMENTS = YES;
				CLANG_WARN_EMPTY_BODY = YES;
				CLANG_WARN_ENUM_CONVERSION = YES;
				CLANG_WARN_INFINITE_RECURSION = YES;
				CLANG_WARN_INT_CONVERSION = YES;
				CLANG_WARN_NON_LITERAL_NULL_CONVERSION = YES;
				CLANG_WARN_OBJC_IMPLICIT_RETAIN_SELF = YES;
				CLANG_WARN_OBJC_LITERAL_CONVERSION = YES;
				CLANG_WARN_OBJC_ROOT_CLASS = YES_ERROR;
				CLANG_WARN_QUOTED_INCLUDE_IN_FRAMEWORK_HEADER = YES;
				CLANG_WARN_RANGE_LOOP_ANALYSIS = YES;
				CLANG_WARN_STRICT_PROTOTYPES = YES;
				CLANG_WARN_SUSPICIOUS_MOVE = YES;
				CLANG_WARN_UNGUARDED_AVAILABILITY = YES_AGGRESSIVE;
				CLANG_WARN_UNREACHABLE_CODE = YES;
				CLANG_WARN__DUPLICATE_METHOD_MATCH = YES;
				COPY_PHASE_STRIP = NO;
				DEBUG_INFORMATION_FORMAT = dwarf;
				ENABLE_STRICT_OBJC_MSGSEND = YES;
				ENABLE_TESTABILITY = YES;
				GCC_C_LANGUAGE_STANDARD = gnu11;
				GCC_DYNAMIC_NO_PIC = NO;
				GCC_NO_COMMON_BLOCKS = YES;
				GCC_OPTIMIZATION_LEVEL = 0;
				GCC_PREPROCESSOR_DEFINITIONS = (
					"DEBUG=1",
					"$(inherited)",
				);
				GCC_WARN_64_TO_32_BIT_CONVERSION = YES;
				GCC_WARN_ABOUT_RETURN_TYPE = YES_ERROR;
				GCC_WARN_UNDECLARED_SELECTOR = YES;
				GCC_WARN_UNINITIALIZED_AUTOS = YES_AGGRESSIVE;
				GCC_WARN_UNUSED_FUNCTION = YES;
				GCC_WARN_UNUSED_VARIABLE = YES;
				IPHONEOS_DEPLOYMENT_TARGET = 15.5;
				MTL_ENABLE_DEBUG_INFO = INCLUDE_SOURCE;
				MTL_FAST_MATH = YES;
				ONLY_ACTIVE_ARCH = YES;
				SDKROOT = iphoneos;
				SWIFT_ACTIVE_COMPILATION_CONDITIONS = DEBUG;
				SWIFT_OPTIMIZATION_LEVEL = "-Onone";
			};
			name = Debug;
		};
		907FE3B32897BE2300111991 /* Release */ = {
			isa = XCBuildConfiguration;
			buildSettings = {
				ALWAYS_SEARCH_USER_PATHS = NO;
				CLANG_ANALYZER_NONNULL = YES;
				CLANG_ANALYZER_NUMBER_OBJECT_CONVERSION = YES_AGGRESSIVE;
				CLANG_CXX_LANGUAGE_STANDARD = "gnu++17";
				CLANG_ENABLE_MODULES = YES;
				CLANG_ENABLE_OBJC_ARC = YES;
				CLANG_ENABLE_OBJC_WEAK = YES;
				CLANG_WARN_BLOCK_CAPTURE_AUTORELEASING = YES;
				CLANG_WARN_BOOL_CONVERSION = YES;
				CLANG_WARN_COMMA = YES;
				CLANG_WARN_CONSTANT_CONVERSION = YES;
				CLANG_WARN_DEPRECATED_OBJC_IMPLEMENTATIONS = YES;
				CLANG_WARN_DIRECT_OBJC_ISA_USAGE = YES_ERROR;
				CLANG_WARN_DOCUMENTATION_COMMENTS = YES;
				CLANG_WARN_EMPTY_BODY = YES;
				CLANG_WARN_ENUM_CONVERSION = YES;
				CLANG_WARN_INFINITE_RECURSION = YES;
				CLANG_WARN_INT_CONVERSION = YES;
				CLANG_WARN_NON_LITERAL_NULL_CONVERSION = YES;
				CLANG_WARN_OBJC_IMPLICIT_RETAIN_SELF = YES;
				CLANG_WARN_OBJC_LITERAL_CONVERSION = YES;
				CLANG_WARN_OBJC_ROOT_CLASS = YES_ERROR;
				CLANG_WARN_QUOTED_INCLUDE_IN_FRAMEWORK_HEADER = YES;
				CLANG_WARN_RANGE_LOOP_ANALYSIS = YES;
				CLANG_WARN_STRICT_PROTOTYPES = YES;
				CLANG_WARN_SUSPICIOUS_MOVE = YES;
				CLANG_WARN_UNGUARDED_AVAILABILITY = YES_AGGRESSIVE;
				CLANG_WARN_UNREACHABLE_CODE = YES;
				CLANG_WARN__DUPLICATE_METHOD_MATCH = YES;
				COPY_PHASE_STRIP = NO;
				DEBUG_INFORMATION_FORMAT = "dwarf-with-dsym";
				ENABLE_NS_ASSERTIONS = NO;
				ENABLE_STRICT_OBJC_MSGSEND = YES;
				GCC_C_LANGUAGE_STANDARD = gnu11;
				GCC_NO_COMMON_BLOCKS = YES;
				GCC_WARN_64_TO_32_BIT_CONVERSION = YES;
				GCC_WARN_ABOUT_RETURN_TYPE = YES_ERROR;
				GCC_WARN_UNDECLARED_SELECTOR = YES;
				GCC_WARN_UNINITIALIZED_AUTOS = YES_AGGRESSIVE;
				GCC_WARN_UNUSED_FUNCTION = YES;
				GCC_WARN_UNUSED_VARIABLE = YES;
				IPHONEOS_DEPLOYMENT_TARGET = 15.5;
				MTL_ENABLE_DEBUG_INFO = NO;
				MTL_FAST_MATH = YES;
				SDKROOT = iphoneos;
				SWIFT_COMPILATION_MODE = wholemodule;
				SWIFT_OPTIMIZATION_LEVEL = "-O";
				VALIDATE_PRODUCT = YES;
			};
			name = Release;
		};
		907FE3B52897BE2300111991 /* Debug */ = {
			isa = XCBuildConfiguration;
			baseConfigurationReference = C3BB8333DD4762F0B2E7AFE9 /* Pods-marvel-app.debug.xcconfig */;
			buildSettings = {
				ASSETCATALOG_COMPILER_APPICON_NAME = AppIcon;
				ASSETCATALOG_COMPILER_GLOBAL_ACCENT_COLOR_NAME = AccentColor;
				CODE_SIGN_STYLE = Automatic;
				CURRENT_PROJECT_VERSION = 1;
				GENERATE_INFOPLIST_FILE = YES;
				INFOPLIST_FILE = "marvel-app/Info.plist";
				INFOPLIST_KEY_UIApplicationSupportsIndirectInputEvents = YES;
				INFOPLIST_KEY_UILaunchStoryboardName = LaunchScreen;
				INFOPLIST_KEY_UISupportedInterfaceOrientations_iPad = "UIInterfaceOrientationPortrait UIInterfaceOrientationPortraitUpsideDown UIInterfaceOrientationLandscapeLeft UIInterfaceOrientationLandscapeRight";
				INFOPLIST_KEY_UISupportedInterfaceOrientations_iPhone = "UIInterfaceOrientationPortrait UIInterfaceOrientationLandscapeLeft UIInterfaceOrientationLandscapeRight";
				LD_RUNPATH_SEARCH_PATHS = (
					"$(inherited)",
					"@executable_path/Frameworks",
				);
				MARKETING_VERSION = 1.0;
				PRODUCT_BUNDLE_IDENTIFIER = "com.mlinde.marvel-app";
				PRODUCT_NAME = "$(TARGET_NAME)";
				SWIFT_EMIT_LOC_STRINGS = YES;
				SWIFT_VERSION = 5.0;
				TARGETED_DEVICE_FAMILY = "1,2";
			};
			name = Debug;
		};
		907FE3B62897BE2300111991 /* Release */ = {
			isa = XCBuildConfiguration;
			baseConfigurationReference = 4F3BFB6551B802F8021298C9 /* Pods-marvel-app.release.xcconfig */;
			buildSettings = {
				ASSETCATALOG_COMPILER_APPICON_NAME = AppIcon;
				ASSETCATALOG_COMPILER_GLOBAL_ACCENT_COLOR_NAME = AccentColor;
				CODE_SIGN_STYLE = Automatic;
				CURRENT_PROJECT_VERSION = 1;
				GENERATE_INFOPLIST_FILE = YES;
				INFOPLIST_FILE = "marvel-app/Info.plist";
				INFOPLIST_KEY_UIApplicationSupportsIndirectInputEvents = YES;
				INFOPLIST_KEY_UILaunchStoryboardName = LaunchScreen;
				INFOPLIST_KEY_UISupportedInterfaceOrientations_iPad = "UIInterfaceOrientationPortrait UIInterfaceOrientationPortraitUpsideDown UIInterfaceOrientationLandscapeLeft UIInterfaceOrientationLandscapeRight";
				INFOPLIST_KEY_UISupportedInterfaceOrientations_iPhone = "UIInterfaceOrientationPortrait UIInterfaceOrientationLandscapeLeft UIInterfaceOrientationLandscapeRight";
				LD_RUNPATH_SEARCH_PATHS = (
					"$(inherited)",
					"@executable_path/Frameworks",
				);
				MARKETING_VERSION = 1.0;
				PRODUCT_BUNDLE_IDENTIFIER = "com.mlinde.marvel-app";
				PRODUCT_NAME = "$(TARGET_NAME)";
				SWIFT_EMIT_LOC_STRINGS = YES;
				SWIFT_VERSION = 5.0;
				TARGETED_DEVICE_FAMILY = "1,2";
			};
			name = Release;
		};
		907FE3B82897BE2300111991 /* Debug */ = {
			isa = XCBuildConfiguration;
			buildSettings = {
				ALWAYS_EMBED_SWIFT_STANDARD_LIBRARIES = YES;
				BUNDLE_LOADER = "$(TEST_HOST)";
				CODE_SIGN_STYLE = Automatic;
				CURRENT_PROJECT_VERSION = 1;
				GENERATE_INFOPLIST_FILE = YES;
				IPHONEOS_DEPLOYMENT_TARGET = 15.5;
				MARKETING_VERSION = 1.0;
				PRODUCT_BUNDLE_IDENTIFIER = "com.mlinde.marvel-appTests";
				PRODUCT_NAME = "$(TARGET_NAME)";
				SWIFT_EMIT_LOC_STRINGS = NO;
				SWIFT_VERSION = 5.0;
				TARGETED_DEVICE_FAMILY = "1,2";
				TEST_HOST = "$(BUILT_PRODUCTS_DIR)/marvel-app.app/marvel-app";
			};
			name = Debug;
		};
		907FE3B92897BE2300111991 /* Release */ = {
			isa = XCBuildConfiguration;
			buildSettings = {
				ALWAYS_EMBED_SWIFT_STANDARD_LIBRARIES = YES;
				BUNDLE_LOADER = "$(TEST_HOST)";
				CODE_SIGN_STYLE = Automatic;
				CURRENT_PROJECT_VERSION = 1;
				GENERATE_INFOPLIST_FILE = YES;
				IPHONEOS_DEPLOYMENT_TARGET = 15.5;
				MARKETING_VERSION = 1.0;
				PRODUCT_BUNDLE_IDENTIFIER = "com.mlinde.marvel-appTests";
				PRODUCT_NAME = "$(TARGET_NAME)";
				SWIFT_EMIT_LOC_STRINGS = NO;
				SWIFT_VERSION = 5.0;
				TARGETED_DEVICE_FAMILY = "1,2";
				TEST_HOST = "$(BUILT_PRODUCTS_DIR)/marvel-app.app/marvel-app";
			};
			name = Release;
		};
		907FE3BB2897BE2300111991 /* Debug */ = {
			isa = XCBuildConfiguration;
			buildSettings = {
				ALWAYS_EMBED_SWIFT_STANDARD_LIBRARIES = YES;
				CODE_SIGN_STYLE = Automatic;
				CURRENT_PROJECT_VERSION = 1;
				GENERATE_INFOPLIST_FILE = YES;
				MARKETING_VERSION = 1.0;
				PRODUCT_BUNDLE_IDENTIFIER = "com.mlinde.marvel-appUITests";
				PRODUCT_NAME = "$(TARGET_NAME)";
				SWIFT_EMIT_LOC_STRINGS = NO;
				SWIFT_VERSION = 5.0;
				TARGETED_DEVICE_FAMILY = "1,2";
				TEST_TARGET_NAME = "marvel-app";
			};
			name = Debug;
		};
		907FE3BC2897BE2300111991 /* Release */ = {
			isa = XCBuildConfiguration;
			buildSettings = {
				ALWAYS_EMBED_SWIFT_STANDARD_LIBRARIES = YES;
				CODE_SIGN_STYLE = Automatic;
				CURRENT_PROJECT_VERSION = 1;
				GENERATE_INFOPLIST_FILE = YES;
				MARKETING_VERSION = 1.0;
				PRODUCT_BUNDLE_IDENTIFIER = "com.mlinde.marvel-appUITests";
				PRODUCT_NAME = "$(TARGET_NAME)";
				SWIFT_EMIT_LOC_STRINGS = NO;
				SWIFT_VERSION = 5.0;
				TARGETED_DEVICE_FAMILY = "1,2";
				TEST_TARGET_NAME = "marvel-app";
			};
			name = Release;
		};
/* End XCBuildConfiguration section */

/* Begin XCConfigurationList section */
		907FE3852897BE2100111991 /* Build configuration list for PBXProject "marvel-app" */ = {
			isa = XCConfigurationList;
			buildConfigurations = (
				907FE3B22897BE2300111991 /* Debug */,
				907FE3B32897BE2300111991 /* Release */,
			);
			defaultConfigurationIsVisible = 0;
			defaultConfigurationName = Release;
		};
		907FE3B42897BE2300111991 /* Build configuration list for PBXNativeTarget "marvel-app" */ = {
			isa = XCConfigurationList;
			buildConfigurations = (
				907FE3B52897BE2300111991 /* Debug */,
				907FE3B62897BE2300111991 /* Release */,
			);
			defaultConfigurationIsVisible = 0;
			defaultConfigurationName = Release;
		};
		907FE3B72897BE2300111991 /* Build configuration list for PBXNativeTarget "marvel-appTests" */ = {
			isa = XCConfigurationList;
			buildConfigurations = (
				907FE3B82897BE2300111991 /* Debug */,
				907FE3B92897BE2300111991 /* Release */,
			);
			defaultConfigurationIsVisible = 0;
			defaultConfigurationName = Release;
		};
		907FE3BA2897BE2300111991 /* Build configuration list for PBXNativeTarget "marvel-appUITests" */ = {
			isa = XCConfigurationList;
			buildConfigurations = (
				907FE3BB2897BE2300111991 /* Debug */,
				907FE3BC2897BE2300111991 /* Release */,
			);
			defaultConfigurationIsVisible = 0;
			defaultConfigurationName = Release;
		};
/* End XCConfigurationList section */
	};
	rootObject = 907FE3822897BE2100111991 /* Project object */;
}
